
Microsoft Visual Studio Solution File, Format Version 12.00
# Visual Studio 14
VisualStudioVersion = 14.0.25420.1
MinimumVisualStudioVersion = 10.0.40219.1
Project("{FAE04EC0-301F-11D3-BF4B-00C04F79EFBC}") = "EnterpriseSoapApi", "EnterpriseSoapApi\EnterpriseSoapApi.csproj", "{402DEFD0-C97C-4EAC-B383-CA6B4D11E52E}"
EndProject
Project("{FAE04EC0-301F-11D3-BF4B-00C04F79EFBC}") = "RestApi", "RestApi\RestApi.csproj", "{86291627-69A1-4B91-9156-F1698848D874}"
EndProject
Project("{FAE04EC0-301F-11D3-BF4B-00C04F79EFBC}") = "ConsoleApp", "ConsoleApp\ConsoleApp.csproj", "{BFA124A7-6CA7-4731-92F6-1A03748B158D}"
EndProject
Project("{FAE04EC0-301F-11D3-BF4B-00C04F79EFBC}") = "WebApi", "WebApi\WebApi.csproj", "{0EBF7553-5E9B-4DE3-839A-A19FFF8EBB4B}"
EndProject
Project("{FAE04EC0-301F-11D3-BF4B-00C04F79EFBC}") = "WebApi.Tests", "WebApi.Tests\WebApi.Tests.csproj", "{D8D77EF7-5C39-4CC5-8E07-1AEE35B88CFD}"
EndProject
Project("{FAE04EC0-301F-11D3-BF4B-00C04F79EFBC}") = "SpaApp", "SpaApp\SpaApp.csproj", "{DDC35245-4E00-4F0D-AE28-BB7D63B68E1D}"
EndProject
Project("{FAE04EC0-301F-11D3-BF4B-00C04F79EFBC}") = "SpaApp.Tests", "SpaApp.Tests\SpaApp.Tests.csproj", "{41A98E89-D75B-48F2-812C-987962EED0D8}"
EndProject
Project("{2150E333-8FDC-42A3-9474-1A3956D46DE8}") = "Solution Items", "Solution Items", "{4C1BAF7E-76A4-4019-B26A-CECA4E3AD6E7}"
	ProjectSection(SolutionItems) = preProject
		readme.md = readme.md
	EndProjectSection
EndProject
Project("{FAE04EC0-301F-11D3-BF4B-00C04F79EFBC}") = "SalesforceBusinessObjects", "SalesforceBusinessObjects\SalesforceBusinessObjects.csproj", "{8ED00985-01F7-434C-91F3-A6E1E9279094}"
EndProject
Global
	GlobalSection(SolutionConfigurationPlatforms) = preSolution
		Debug|Any CPU = Debug|Any CPU
		Release|Any CPU = Release|Any CPU
	EndGlobalSection
	GlobalSection(ProjectConfigurationPlatforms) = postSolution
		{402DEFD0-C97C-4EAC-B383-CA6B4D11E52E}.Debug|Any CPU.ActiveCfg = Debug|Any CPU
		{402DEFD0-C97C-4EAC-B383-CA6B4D11E52E}.Debug|Any CPU.Build.0 = Debug|Any CPU
		{402DEFD0-C97C-4EAC-B383-CA6B4D11E52E}.Release|Any CPU.ActiveCfg = Release|Any CPU
		{402DEFD0-C97C-4EAC-B383-CA6B4D11E52E}.Release|Any CPU.Build.0 = Release|Any CPU
		{86291627-69A1-4B91-9156-F1698848D874}.Debug|Any CPU.ActiveCfg = Debug|Any CPU
		{86291627-69A1-4B91-9156-F1698848D874}.Debug|Any CPU.Build.0 = Debug|Any CPU
		{86291627-69A1-4B91-9156-F1698848D874}.Release|Any CPU.ActiveCfg = Release|Any CPU
		{86291627-69A1-4B91-9156-F1698848D874}.Release|Any CPU.Build.0 = Release|Any CPU
		{BFA124A7-6CA7-4731-92F6-1A03748B158D}.Debug|Any CPU.ActiveCfg = Debug|Any CPU
		{BFA124A7-6CA7-4731-92F6-1A03748B158D}.Debug|Any CPU.Build.0 = Debug|Any CPU
		{BFA124A7-6CA7-4731-92F6-1A03748B158D}.Release|Any CPU.ActiveCfg = Release|Any CPU
		{BFA124A7-6CA7-4731-92F6-1A03748B158D}.Release|Any CPU.Build.0 = Release|Any CPU
		{0EBF7553-5E9B-4DE3-839A-A19FFF8EBB4B}.Debug|Any CPU.ActiveCfg = Debug|Any CPU
		{0EBF7553-5E9B-4DE3-839A-A19FFF8EBB4B}.Debug|Any CPU.Build.0 = Debug|Any CPU
		{0EBF7553-5E9B-4DE3-839A-A19FFF8EBB4B}.Release|Any CPU.ActiveCfg = Release|Any CPU
		{0EBF7553-5E9B-4DE3-839A-A19FFF8EBB4B}.Release|Any CPU.Build.0 = Release|Any CPU
		{D8D77EF7-5C39-4CC5-8E07-1AEE35B88CFD}.Debug|Any CPU.ActiveCfg = Debug|Any CPU
		{D8D77EF7-5C39-4CC5-8E07-1AEE35B88CFD}.Debug|Any CPU.Build.0 = Debug|Any CPU
		{D8D77EF7-5C39-4CC5-8E07-1AEE35B88CFD}.Release|Any CPU.ActiveCfg = Release|Any CPU
		{D8D77EF7-5C39-4CC5-8E07-1AEE35B88CFD}.Release|Any CPU.Build.0 = Release|Any CPU
		{DDC35245-4E00-4F0D-AE28-BB7D63B68E1D}.Debug|Any CPU.ActiveCfg = Debug|Any CPU
		{DDC35245-4E00-4F0D-AE28-BB7D63B68E1D}.Debug|Any CPU.Build.0 = Debug|Any CPU
		{DDC35245-4E00-4F0D-AE28-BB7D63B68E1D}.Release|Any CPU.ActiveCfg = Release|Any CPU
		{DDC35245-4E00-4F0D-AE28-BB7D63B68E1D}.Release|Any CPU.Build.0 = Release|Any CPU
		{41A98E89-D75B-48F2-812C-987962EED0D8}.Debug|Any CPU.ActiveCfg = Debug|Any CPU
		{41A98E89-D75B-48F2-812C-987962EED0D8}.Debug|Any CPU.Build.0 = Debug|Any CPU
		{41A98E89-D75B-48F2-812C-987962EED0D8}.Release|Any CPU.ActiveCfg = Release|Any CPU
		{41A98E89-D75B-48F2-812C-987962EED0D8}.Release|Any CPU.Build.0 = Release|Any CPU
		{8ED00985-01F7-434C-91F3-A6E1E9279094}.Debug|Any CPU.ActiveCfg = Debug|Any CPU
		{8ED00985-01F7-434C-91F3-A6E1E9279094}.Debug|Any CPU.Build.0 = Debug|Any CPU
		{8ED00985-01F7-434C-91F3-A6E1E9279094}.Release|Any CPU.ActiveCfg = Release|Any CPU
		{8ED00985-01F7-434C-91F3-A6E1E9279094}.Release|Any CPU.Build.0 = Release|Any CPU
	EndGlobalSection
	GlobalSection(SolutionProperties) = preSolution
		HideSolutionNode = FALSE
	EndGlobalSection
EndGlobal
